// !$*UTF8*$!
{
	archiveVersion = 1;
	classes = {
	};
	objectVersion = 46;
	objects = {

/* Begin PBXBuildFile section */
		6C39CDD81B8C0C4300E90A5E /* AppDelegate.swift in Sources */ = {isa = PBXBuildFile; fileRef = 6C39CDD71B8C0C4300E90A5E /* AppDelegate.swift */; };
		6C39CDDB1B8C0C4300E90A5E /* Calculator.xcdatamodeld in Sources */ = {isa = PBXBuildFile; fileRef = 6C39CDD91B8C0C4300E90A5E /* Calculator.xcdatamodeld */; };
		6C39CDDD1B8C0C4300E90A5E /* ViewController.swift in Sources */ = {isa = PBXBuildFile; fileRef = 6C39CDDC1B8C0C4300E90A5E /* ViewController.swift */; };
		6C39CDE01B8C0C4300E90A5E /* Main.storyboard in Resources */ = {isa = PBXBuildFile; fileRef = 6C39CDDE1B8C0C4300E90A5E /* Main.storyboard */; };
		6C39CDE21B8C0C4300E90A5E /* Images.xcassets in Resources */ = {isa = PBXBuildFile; fileRef = 6C39CDE11B8C0C4300E90A5E /* Images.xcassets */; };
		6C39CDE51B8C0C4300E90A5E /* LaunchScreen.xib in Resources */ = {isa = PBXBuildFile; fileRef = 6C39CDE31B8C0C4300E90A5E /* LaunchScreen.xib */; };
		6C39CDF11B8C0C4300E90A5E /* CalculatorTests.swift in Sources */ = {isa = PBXBuildFile; fileRef = 6C39CDF01B8C0C4300E90A5E /* CalculatorTests.swift */; };
/* End PBXBuildFile section */

/* Begin PBXContainerItemProxy section */
		6C39CDEB1B8C0C4300E90A5E /* PBXContainerItemProxy */ = {
			isa = PBXContainerItemProxy;
			containerPortal = 6C39CDCA1B8C0C4300E90A5E /* Project object */;
			proxyType = 1;
			remoteGlobalIDString = 6C39CDD11B8C0C4300E90A5E;
			remoteInfo = Calculator;
		};
/* End PBXContainerItemProxy section */

/* Begin PBXFileReference section */
		6C39CDD21B8C0C4300E90A5E /* Calculator.app */ = {isa = PBXFileReference; explicitFileType = wrapper.application; includeInIndex = 0; path = Calculator.app; sourceTree = BUILT_PRODUCTS_DIR; };
		6C39CDD61B8C0C4300E90A5E /* Info.plist */ = {isa = PBXFileReference; lastKnownFileType = text.plist.xml; path = Info.plist; sourceTree = "<group>"; };
		6C39CDD71B8C0C4300E90A5E /* AppDelegate.swift */ = {isa = PBXFileReference; lastKnownFileType = sourcecode.swift; path = AppDelegate.swift; sourceTree = "<group>"; };
		6C39CDDA1B8C0C4300E90A5E /* Calculator.xcdatamodel */ = {isa = PBXFileReference; lastKnownFileType = wrapper.xcdatamodel; path = Calculator.xcdatamodel; sourceTree = "<group>"; };
		6C39CDDC1B8C0C4300E90A5E /* ViewController.swift */ = {isa = PBXFileReference; lastKnownFileType = sourcecode.swift; path = ViewController.swift; sourceTree = "<group>"; };
		6C39CDDF1B8C0C4300E90A5E /* Base */ = {isa = PBXFileReference; lastKnownFileType = file.storyboard; name = Base; path = Base.lproj/Main.storyboard; sourceTree = "<group>"; };
		6C39CDE11B8C0C4300E90A5E /* Images.xcassets */ = {isa = PBXFileReference; lastKnownFileType = folder.assetcatalog; path = Images.xcassets; sourceTree = "<group>"; };
		6C39CDE41B8C0C4300E90A5E /* Base */ = {isa = PBXFileReference; lastKnownFileType = file.xib; name = Base; path = Base.lproj/LaunchScreen.xib; sourceTree = "<group>"; };
		6C39CDEA1B8C0C4300E90A5E /* CalculatorTests.xctest */ = {isa = PBXFileReference; explicitFileType = wrapper.cfbundle; includeInIndex = 0; path = CalculatorTests.xctest; sourceTree = BUILT_PRODUCTS_DIR; };
		6C39CDEF1B8C0C4300E90A5E /* Info.plist */ = {isa = PBXFileReference; lastKnownFileType = text.plist.xml; path = Info.plist; sourceTree = "<group>"; };
		6C39CDF01B8C0C4300E90A5E /* CalculatorTests.swift */ = {isa = PBXFileReference; lastKnownFileType = sourcecode.swift; path = CalculatorTests.swift; sourceTree = "<group>"; };
/* End PBXFileReference section */

/* Begin PBXFrameworksBuildPhase section */
		6C39CDCF1B8C0C4300E90A5E /* Frameworks */ = {
			isa = PBXFrameworksBuildPhase;
			buildActionMask = 2147483647;
			files = (
			);
			runOnlyForDeploymentPostprocessing = 0;
		};
		6C39CDE71B8C0C4300E90A5E /* Frameworks */ = {
			isa = PBXFrameworksBuildPhase;
			buildActionMask = 2147483647;
			files = (
			);
			runOnlyForDeploymentPostprocessing = 0;
		};
/* End PBXFrameworksBuildPhase section */

/* Begin PBXGroup section */
		6C39CDC91B8C0C4300E90A5E = {
			isa = PBXGroup;
			children = (
				6C39CDD41B8C0C4300E90A5E /* Calculator */,
				6C39CDED1B8C0C4300E90A5E /* CalculatorTests */,
				6C39CDD31B8C0C4300E90A5E /* Products */,
			);
			sourceTree = "<group>";
		};
		6C39CDD31B8C0C4300E90A5E /* Products */ = {
			isa = PBXGroup;
			children = (
				6C39CDD21B8C0C4300E90A5E /* Calculator.app */,
				6C39CDEA1B8C0C4300E90A5E /* CalculatorTests.xctest */,
			);
			name = Products;
			sourceTree = "<group>";
		};
		6C39CDD41B8C0C4300E90A5E /* Calculator */ = {
			isa = PBXGroup;
			children = (
				6C39CDDC1B8C0C4300E90A5E /* ViewController.swift */,
				6C39CDDE1B8C0C4300E90A5E /* Main.storyboard */,
				6C39CDD51B8C0C4300E90A5E /* Supporting Files */,
			);
			path = Calculator;
			sourceTree = "<group>";
		};
		6C39CDD51B8C0C4300E90A5E /* Supporting Files */ = {
			isa = PBXGroup;
			children = (
				6C39CDE31B8C0C4300E90A5E /* LaunchScreen.xib */,
				6C39CDD91B8C0C4300E90A5E /* Calculator.xcdatamodeld */,
				6C39CDE11B8C0C4300E90A5E /* Images.xcassets */,
				6C39CDD71B8C0C4300E90A5E /* AppDelegate.swift */,
				6C39CDD61B8C0C4300E90A5E /* Info.plist */,
			);
			name = "Supporting Files";
			sourceTree = "<group>";
		};
		6C39CDED1B8C0C4300E90A5E /* CalculatorTests */ = {
			isa = PBXGroup;
			children = (
				6C39CDF01B8C0C4300E90A5E /* CalculatorTests.swift */,
				6C39CDEE1B8C0C4300E90A5E /* Supporting Files */,
			);
			path = CalculatorTests;
			sourceTree = "<group>";
		};
		6C39CDEE1B8C0C4300E90A5E /* Supporting Files */ = {
			isa = PBXGroup;
			children = (
				6C39CDEF1B8C0C4300E90A5E /* Info.plist */,
			);
			name = "Supporting Files";
			sourceTree = "<group>";
		};
/* End PBXGroup section */

/* Begin PBXNativeTarget section */
		6C39CDD11B8C0C4300E90A5E /* Calculator */ = {
			isa = PBXNativeTarget;
			buildConfigurationList = 6C39CDF41B8C0C4300E90A5E /* Build configuration list for PBXNativeTarget "Calculator" */;
			buildPhases = (
				6C39CDCE1B8C0C4300E90A5E /* Sources */,
				6C39CDCF1B8C0C4300E90A5E /* Frameworks */,
				6C39CDD01B8C0C4300E90A5E /* Resources */,
			);
			buildRules = (
			);
			dependencies = (
			);
			name = Calculator;
			productName = Calculator;
			productReference = 6C39CDD21B8C0C4300E90A5E /* Calculator.app */;
			productType = "com.apple.product-type.application";
		};
		6C39CDE91B8C0C4300E90A5E /* CalculatorTests */ = {
			isa = PBXNativeTarget;
			buildConfigurationList = 6C39CDF71B8C0C4300E90A5E /* Build configuration list for PBXNativeTarget "CalculatorTests" */;
			buildPhases = (
				6C39CDE61B8C0C4300E90A5E /* Sources */,
				6C39CDE71B8C0C4300E90A5E /* Frameworks */,
				6C39CDE81B8C0C4300E90A5E /* Resources */,
			);
			buildRules = (
			);
			dependencies = (
				6C39CDEC1B8C0C4300E90A5E /* PBXTargetDependency */,
			);
			name = CalculatorTests;
			productName = CalculatorTests;
			productReference = 6C39CDEA1B8C0C4300E90A5E /* CalculatorTests.xctest */;
			productType = "com.apple.product-type.bundle.unit-test";
		};
/* End PBXNativeTarget section */

/* Begin PBXProject section */
		6C39CDCA1B8C0C4300E90A5E /* Project object */ = {
			isa = PBXProject;
			attributes = {
				LastSwiftMigration = 0700;
				LastSwiftUpdateCheck = 0700;
				LastUpgradeCheck = 0640;
				ORGANIZATIONNAME = "LiTech Ventures Inc.";
				TargetAttributes = {
					6C39CDD11B8C0C4300E90A5E = {
						CreatedOnToolsVersion = 6.4;
					};
					6C39CDE91B8C0C4300E90A5E = {
						CreatedOnToolsVersion = 6.4;
						TestTargetID = 6C39CDD11B8C0C4300E90A5E;
					};
				};
			};
			buildConfigurationList = 6C39CDCD1B8C0C4300E90A5E /* Build configuration list for PBXProject "Calculator" */;
			compatibilityVersion = "Xcode 3.2";
			developmentRegion = English;
			hasScannedForEncodings = 0;
			knownRegions = (
				en,
				Base,
			);
			mainGroup = 6C39CDC91B8C0C4300E90A5E;
			productRefGroup = 6C39CDD31B8C0C4300E90A5E /* Products */;
			projectDirPath = "";
			projectRoot = "";
			targets = (
				6C39CDD11B8C0C4300E90A5E /* Calculator */,
				6C39CDE91B8C0C4300E90A5E /* CalculatorTests */,
			);
		};
/* End PBXProject section */

/* Begin PBXResourcesBuildPhase section */
		6C39CDD01B8C0C4300E90A5E /* Resources */ = {
			isa = PBXResourcesBuildPhase;
			buildActionMask = 2147483647;
			files = (
				6C39CDE01B8C0C4300E90A5E /* Main.storyboard in Resources */,
				6C39CDE51B8C0C4300E90A5E /* LaunchScreen.xib in Resources */,
				6C39CDE21B8C0C4300E90A5E /* Images.xcassets in Resources */,
			);
			runOnlyForDeploymentPostprocessing = 0;
		};
		6C39CDE81B8C0C4300E90A5E /* Resources */ = {
			isa = PBXResourcesBuildPhase;
			buildActionMask = 2147483647;
			files = (
			);
			runOnlyForDeploymentPostprocessing = 0;
		};
/* End PBXResourcesBuildPhase section */

/* Begin PBXSourcesBuildPhase section */
		6C39CDCE1B8C0C4300E90A5E /* Sources */ = {
			isa = PBXSourcesBuildPhase;
			buildActionMask = 2147483647;
			files = (
				6C39CDDD1B8C0C4300E90A5E /* ViewController.swift in Sources */,
				6C39CDD81B8C0C4300E90A5E /* AppDelegate.swift in Sources */,
				6C39CDDB1B8C0C4300E90A5E /* Calculator.xcdatamodeld in Sources */,
			);
			runOnlyForDeploymentPostprocessing = 0;
		};
		6C39CDE61B8C0C4300E90A5E /* Sources */ = {
			isa = PBXSourcesBuildPhase;
			buildActionMask = 2147483647;
			files = (
				6C39CDF11B8C0C4300E90A5E /* CalculatorTests.swift in Sources */,
			);
			runOnlyForDeploymentPostprocessing = 0;
		};
/* End PBXSourcesBuildPhase section */

/* Begin PBXTargetDependency section */
		6C39CDEC1B8C0C4300E90A5E /* PBXTargetDependency */ = {
			isa = PBXTargetDependency;
			target = 6C39CDD11B8C0C4300E90A5E /* Calculator */;
			targetProxy = 6C39CDEB1B8C0C4300E90A5E /* PBXContainerItemProxy */;
		};
/* End PBXTargetDependency section */

/* Begin PBXVariantGroup section */
		6C39CDDE1B8C0C4300E90A5E /* Main.storyboard */ = {
			isa = PBXVariantGroup;
			children = (
				6C39CDDF1B8C0C4300E90A5E /* Base */,
			);
			name = Main.storyboard;
			sourceTree = "<group>";
		};
		6C39CDE31B8C0C4300E90A5E /* LaunchScreen.xib */ = {
			isa = PBXVariantGroup;
			children = (
				6C39CDE41B8C0C4300E90A5E /* Base */,
			);
			name = LaunchScreen.xib;
			sourceTree = "<group>";
		};
/* End PBXVariantGroup section */

/* Begin XCBuildConfiguration section */
		6C39CDF21B8C0C4300E90A5E /* Debug */ = {
			isa = XCBuildConfiguration;
			buildSettings = {
				ALWAYS_SEARCH_USER_PATHS = NO;
				CLANG_CXX_LANGUAGE_STANDARD = "gnu++0x";
				CLANG_CXX_LIBRARY = "libc++";
				CLANG_ENABLE_MODULES = YES;
				CLANG_ENABLE_OBJC_ARC = YES;
				CLANG_WARN_BOOL_CONVERSION = YES;
				CLANG_WARN_CONSTANT_CONVERSION = YES;
				CLANG_WARN_DIRECT_OBJC_ISA_USAGE = YES_ERROR;
				CLANG_WARN_EMPTY_BODY = YES;
				CLANG_WARN_ENUM_CONVERSION = YES;
				CLANG_WARN_INT_CONVERSION = YES;
				CLANG_WARN_OBJC_ROOT_CLASS = YES_ERROR;
				CLANG_WARN_UNREACHABLE_CODE = YES;
				CLANG_WARN__DUPLICATE_METHOD_MATCH = YES;
				"CODE_SIGN_IDENTITY[sdk=iphoneos*]" = "iPhone Developer";
				COPY_PHASE_STRIP = NO;
				DEBUG_INFORMATION_FORMAT = "dwarf-with-dsym";
				ENABLE_STRICT_OBJC_MSGSEND = YES;
				GCC_C_LANGUAGE_STANDARD = gnu99;
				GCC_DYNAMIC_NO_PIC = NO;
				GCC_NO_COMMON_BLOCKS = YES;
				GCC_OPTIMIZATION_LEVEL = 0;
				GCC_PREPROCESSOR_DEFINITIONS = (
					"DEBUG=1",
					"$(inherited)",
				);
				GCC_SYMBOLS_PRIVATE_EXTERN = NO;
				GCC_WARN_64_TO_32_BIT_CONVERSION = YES;
				GCC_WARN_ABOUT_RETURN_TYPE = YES_ERROR;
				GCC_WARN_UNDECLARED_SELECTOR = YES;
				GCC_WARN_UNINITIALIZED_AUTOS = YES_AGGRESSIVE;
				GCC_WARN_UNUSED_FUNCTION = YES;
				GCC_WARN_UNUSED_VARIABLE = YES;
				IPHONEOS_DEPLOYMENT_TARGET = 8.4;
				MTL_ENABLE_DEBUG_INFO = YES;
				ONLY_ACTIVE_ARCH = YES;
				SDKROOT = iphoneos;
				SWIFT_OPTIMIZATION_LEVEL = "-Onone";
			};
			name = Debug;
		};
		6C39CDF31B8C0C4300E90A5E /* Release */ = {
			isa = XCBuildConfiguration;
			buildSettings = {
				ALWAYS_SEARCH_USER_PATHS = NO;
				CLANG_CXX_LANGUAGE_STANDARD = "gnu++0x";
				CLANG_CXX_LIBRARY = "libc++";
				CLANG_ENABLE_MODULES = YES;
				CLANG_ENABLE_OBJC_ARC = YES;
				CLANG_WARN_BOOL_CONVERSION = YES;
				CLANG_WARN_CONSTANT_CONVERSION = YES;
				CLANG_WARN_DIRECT_OBJC_ISA_USAGE = YES_ERROR;
				CLANG_WARN_EMPTY_BODY = YES;
				CLANG_WARN_ENUM_CONVERSION = YES;
				CLANG_WARN_INT_CONVERSION = YES;
				CLANG_WARN_OBJC_ROOT_CLASS = YES_ERROR;
				CLANG_WARN_UNREACHABLE_CODE = YES;
				CLANG_WARN__DUPLICATE_METHOD_MATCH = YES;
				"CODE_SIGN_IDENTITY[sdk=iphoneos*]" = "iPhone Developer";
				COPY_PHASE_STRIP = NO;
				DEBUG_INFORMATION_FORMAT = "dwarf-with-dsym";
				ENABLE_NS_ASSERTIONS = NO;
				ENABLE_STRICT_OBJC_MSGSEND = YES;
				GCC_C_LANGUAGE_STANDARD = gnu99;
				GCC_NO_COMMON_BLOCKS = YES;
				GCC_WARN_64_TO_32_BIT_CONVERSION = YES;
				GCC_WARN_ABOUT_RETURN_TYPE = YES_ERROR;
				GCC_WARN_UNDECLARED_SELECTOR = YES;
				GCC_WARN_UNINITIALIZED_AUTOS = YES_AGGRESSIVE;
				GCC_WARN_UNUSED_FUNCTION = YES;
				GCC_WARN_UNUSED_VARIABLE = YES;
				IPHONEOS_DEPLOYMENT_TARGET = 8.4;
				MTL_ENABLE_DEBUG_INFO = NO;
				SDKROOT = iphoneos;
				VALIDATE_PRODUCT = YES;
			};
			name = Release;
		};
		6C39CDF51B8C0C4300E90A5E /* Debug */ = {
			isa = XCBuildConfiguration;
			buildSettings = {
				ASSETCATALOG_COMPILER_APPICON_NAME = AppIcon;
				CODE_SIGN_IDENTITY = "iPhone Developer";
				INFOPLIST_FILE = Calculator/Info.plist;
				LD_RUNPATH_SEARCH_PATHS = "$(inherited) @executable_path/Frameworks";
				PRODUCT_NAME = "$(TARGET_NAME)";
			};
			name = Debug;
		};
		6C39CDF61B8C0C4300E90A5E /* Release */ = {
			isa = XCBuildConfiguration;
			buildSettings = {
				ASSETCATALOG_COMPILER_APPICON_NAME = AppIcon;
				CODE_SIGN_IDENTITY = "iPhone Developer";
				INFOPLIST_FILE = Calculator/Info.plist;
				LD_RUNPATH_SEARCH_PATHS = "$(inherited) @executable_path/Frameworks";
				PRODUCT_NAME = "$(TARGET_NAME)";
			};
			name = Release;
		};
		6C39CDF81B8C0C4300E90A5E /* Debug */ = {
			isa = XCBuildConfiguration;
			buildSettings = {
				BUNDLE_LOADER = "$(TEST_HOST)";
				FRAMEWORK_SEARCH_PATHS = (
					"$(SDKROOT)/Developer/Library/Frameworks",
					"$(inherited)",
				);
				GCC_PREPROCESSOR_DEFINITIONS = (
					"DEBUG=1",
					"$(inherited)",
				);
				INFOPLIST_FILE = CalculatorTests/Info.plist;
				LD_RUNPATH_SEARCH_PATHS = "$(inherited) @executable_path/Frameworks @loader_path/Frameworks";
				PRODUCT_NAME = "$(TARGET_NAME)";
				TEST_HOST = "$(BUILT_PRODUCTS_DIR)/Calculator.app/Calculator";
			};
			name = Debug;
		};
		6C39CDF91B8C0C4300E90A5E /* Release */ = {
			isa = XCBuildConfiguration;
			buildSettings = {
				BUNDLE_LOADER = "$(TEST_HOST)";
				FRAMEWORK_SEARCH_PATHS = (
					"$(SDKROOT)/Developer/Library/Frameworks",
					"$(inherited)",
				);
				INFOPLIST_FILE = CalculatorTests/Info.plist;
				LD_RUNPATH_SEARCH_PATHS = "$(inherited) @executable_path/Frameworks @loader_path/Frameworks";
				PRODUCT_NAME = "$(TARGET_NAME)";
				TEST_HOST = "$(BUILT_PRODUCTS_DIR)/Calculator.app/Calculator";
			};
			name = Release;
		};
/* End XCBuildConfiguration section */

/* Begin XCConfigurationList section */
		6C39CDCD1B8C0C4300E90A5E /* Build configuration list for PBXProject "Calculator" */ = {
			isa = XCConfigurationList;
			buildConfigurations = (
				6C39CDF21B8C0C4300E90A5E /* Debug */,
				6C39CDF31B8C0C4300E90A5E /* Release */,
			);
			defaultConfigurationIsVisible = 0;
			defaultConfigurationName = Release;
		};
		6C39CDF41B8C0C4300E90A5E /* Build configuration list for PBXNativeTarget "Calculator" */ = {
			isa = XCConfigurationList;
			buildConfigurations = (
				6C39CDF51B8C0C4300E90A5E /* Debug */,
				6C39CDF61B8C0C4300E90A5E /* Release */,
			);
			defaultConfigurationIsVisible = 0;
			defaultConfigurationName = Release;
		};
		6C39CDF71B8C0C4300E90A5E /* Build configuration list for PBXNativeTarget "CalculatorTests" */ = {
			isa = XCConfigurationList;
			buildConfigurations = (
				6C39CDF81B8C0C4300E90A5E /* Debug */,
				6C39CDF91B8C0C4300E90A5E /* Release */,
			);
			defaultConfigurationIsVisible = 0;
			defaultConfigurationName = Release;
		};
/* End XCConfigurationList section */

/* Begin XCVersionGroup section */
		6C39CDD91B8C0C4300E90A5E /* Calculator.xcdatamodeld */ = {
			isa = XCVersionGroup;
			children = (
				6C39CDDA1B8C0C4300E90A5E /* Calculator.xcdatamodel */,
			);
			currentVersion = 6C39CDDA1B8C0C4300E90A5E /* Calculator.xcdatamodel */;
			path = Calculator.xcdatamodeld;
			sourceTree = "<group>";
			versionGroupType = wrapper.xcdatamodel;
		};
/* End XCVersionGroup section */
	};
	rootObject = 6C39CDCA1B8C0C4300E90A5E /* Project object */;
}
